
Microsoft Visual Studio Solution File, Format Version 12.00
# Visual Studio Version 17
VisualStudioVersion = 17.8.34316.72
MinimumVisualStudioVersion = 10.0.40219.1
Project("{9A19103F-16F7-4668-BE54-9A1E7A4F7556}") = "Domain.Common", "Domain\Domain.Common\Domain.Common.csproj", "{18B5D9A5-A357-48FC-AB1D-9D986D8CA447}"
EndProject
Project("{2150E333-8FDC-42A3-9474-1A3956D46DE8}") = "Domain", "Domain", "{A4FC708E-40F1-44B0-83FB-E1E6B1EF8142}"
EndProject
Project("{2150E333-8FDC-42A3-9474-1A3956D46DE8}") = "Clients", "Clients", "{9F63040C-A72F-4BEA-BC9E-0A9361E8E015}"
EndProject
Project("{2150E333-8FDC-42A3-9474-1A3956D46DE8}") = "MicroServices", "MicroServices", "{DAA4CF20-3DD4-4DF2-A81E-359BBE55B8FF}"
EndProject
Project("{2150E333-8FDC-42A3-9474-1A3956D46DE8}") = "APIs", "APIs", "{7E6838F6-CDC1-4024-929A-35C609F45F72}"
EndProject
Project("{2150E333-8FDC-42A3-9474-1A3956D46DE8}") = "Questions", "Questions", "{5453967C-0357-45EB-A145-20584594621D}"
EndProject
Project("{9A19103F-16F7-4668-BE54-9A1E7A4F7556}") = "Questions.API", "MicroServices\APIs\Questions\Questions.API\Questions.API.csproj", "{43A5B211-0D90-4418-B786-22B644BE25CD}"
EndProject
Project("{9A19103F-16F7-4668-BE54-9A1E7A4F7556}") = "Questions.DataAccess", "MicroServices\APIs\Questions\Questions.DataAccess\Questions.DataAccess.csproj", "{62961D40-5379-4E6F-8668-414F62D2A07D}"
EndProject
Project("{2150E333-8FDC-42A3-9474-1A3956D46DE8}") = "Quiz", "Quiz", "{2B6E6642-26D9-49AA-BB42-A7BFFCFD9467}"
EndProject
Project("{9A19103F-16F7-4668-BE54-9A1E7A4F7556}") = "Quiz.API", "MicroServices\APIs\Quiz\Quiz.API\Quiz.API.csproj", "{83D78428-69E7-4BA1-B02E-E5B3BC57F27F}"
EndProject
Project("{9A19103F-16F7-4668-BE54-9A1E7A4F7556}") = "Quiz.DataAccess", "MicroServices\APIs\Quiz\Quiz.DataAccess\Quiz.DataAccess.csproj", "{3D9A6D89-A11F-4CD7-9D6F-3345199C56EB}"
EndProject
Project("{2150E333-8FDC-42A3-9474-1A3956D46DE8}") = "HighScore", "HighScore", "{74BE8F48-9E73-4632-8724-09B2E2C98A59}"
EndProject
Project("{9A19103F-16F7-4668-BE54-9A1E7A4F7556}") = "HighScore.API", "MicroServices\APIs\HighScore\HighScore.API\HighScore.API.csproj", "{20FC32E2-E041-4C4F-B834-D9D521343CAF}"
EndProject
Project("{9A19103F-16F7-4668-BE54-9A1E7A4F7556}") = "HighScore.DataAccess", "MicroServices\APIs\HighScore\HighScore.DataAccess\HighScore.DataAccess.csproj", "{B8C39DA0-D490-41EB-A14A-7FB71E4D384F}"
EndProject
Project("{E53339B2-1760-4266-BCC7-CA923CBCF16C}") = "docker-compose", "docker-compose.dcproj", "{D6E71A96-F2CA-44CF-AA89-AD8BEDB037EA}"
EndProject
Global
	GlobalSection(SolutionConfigurationPlatforms) = preSolution
		Debug|Any CPU = Debug|Any CPU
		Release|Any CPU = Release|Any CPU
	EndGlobalSection
	GlobalSection(ProjectConfigurationPlatforms) = postSolution
		{18B5D9A5-A357-48FC-AB1D-9D986D8CA447}.Debug|Any CPU.ActiveCfg = Debug|Any CPU
		{18B5D9A5-A357-48FC-AB1D-9D986D8CA447}.Debug|Any CPU.Build.0 = Debug|Any CPU
		{18B5D9A5-A357-48FC-AB1D-9D986D8CA447}.Release|Any CPU.ActiveCfg = Release|Any CPU
		{18B5D9A5-A357-48FC-AB1D-9D986D8CA447}.Release|Any CPU.Build.0 = Release|Any CPU
		{43A5B211-0D90-4418-B786-22B644BE25CD}.Debug|Any CPU.ActiveCfg = Debug|Any CPU
		{43A5B211-0D90-4418-B786-22B644BE25CD}.Debug|Any CPU.Build.0 = Debug|Any CPU
		{43A5B211-0D90-4418-B786-22B644BE25CD}.Release|Any CPU.ActiveCfg = Release|Any CPU
		{43A5B211-0D90-4418-B786-22B644BE25CD}.Release|Any CPU.Build.0 = Release|Any CPU
		{62961D40-5379-4E6F-8668-414F62D2A07D}.Debug|Any CPU.ActiveCfg = Debug|Any CPU
		{62961D40-5379-4E6F-8668-414F62D2A07D}.Debug|Any CPU.Build.0 = Debug|Any CPU
		{62961D40-5379-4E6F-8668-414F62D2A07D}.Release|Any CPU.ActiveCfg = Release|Any CPU
		{62961D40-5379-4E6F-8668-414F62D2A07D}.Release|Any CPU.Build.0 = Release|Any CPU
		{83D78428-69E7-4BA1-B02E-E5B3BC57F27F}.Debug|Any CPU.ActiveCfg = Debug|Any CPU
		{83D78428-69E7-4BA1-B02E-E5B3BC57F27F}.Debug|Any CPU.Build.0 = Debug|Any CPU
		{83D78428-69E7-4BA1-B02E-E5B3BC57F27F}.Release|Any CPU.ActiveCfg = Release|Any CPU
		{83D78428-69E7-4BA1-B02E-E5B3BC57F27F}.Release|Any CPU.Build.0 = Release|Any CPU
		{3D9A6D89-A11F-4CD7-9D6F-3345199C56EB}.Debug|Any CPU.ActiveCfg = Debug|Any CPU
		{3D9A6D89-A11F-4CD7-9D6F-3345199C56EB}.Debug|Any CPU.Build.0 = Debug|Any CPU
		{3D9A6D89-A11F-4CD7-9D6F-3345199C56EB}.Release|Any CPU.ActiveCfg = Release|Any CPU
		{3D9A6D89-A11F-4CD7-9D6F-3345199C56EB}.Release|Any CPU.Build.0 = Release|Any CPU
		{20FC32E2-E041-4C4F-B834-D9D521343CAF}.Debug|Any CPU.ActiveCfg = Debug|Any CPU
		{20FC32E2-E041-4C4F-B834-D9D521343CAF}.Debug|Any CPU.Build.0 = Debug|Any CPU
		{20FC32E2-E041-4C4F-B834-D9D521343CAF}.Release|Any CPU.ActiveCfg = Release|Any CPU
		{20FC32E2-E041-4C4F-B834-D9D521343CAF}.Release|Any CPU.Build.0 = Release|Any CPU
		{B8C39DA0-D490-41EB-A14A-7FB71E4D384F}.Debug|Any CPU.ActiveCfg = Debug|Any CPU
		{B8C39DA0-D490-41EB-A14A-7FB71E4D384F}.Debug|Any CPU.Build.0 = Debug|Any CPU
		{B8C39DA0-D490-41EB-A14A-7FB71E4D384F}.Release|Any CPU.ActiveCfg = Release|Any CPU
		{B8C39DA0-D490-41EB-A14A-7FB71E4D384F}.Release|Any CPU.Build.0 = Release|Any CPU
		{D6E71A96-F2CA-44CF-AA89-AD8BEDB037EA}.Debug|Any CPU.ActiveCfg = Debug|Any CPU
		{D6E71A96-F2CA-44CF-AA89-AD8BEDB037EA}.Debug|Any CPU.Build.0 = Debug|Any CPU
		{D6E71A96-F2CA-44CF-AA89-AD8BEDB037EA}.Release|Any CPU.ActiveCfg = Release|Any CPU
		{D6E71A96-F2CA-44CF-AA89-AD8BEDB037EA}.Release|Any CPU.Build.0 = Release|Any CPU
	EndGlobalSection
	GlobalSection(SolutionProperties) = preSolution
		HideSolutionNode = FALSE
	EndGlobalSection
	GlobalSection(NestedProjects) = preSolution
		{18B5D9A5-A357-48FC-AB1D-9D986D8CA447} = {A4FC708E-40F1-44B0-83FB-E1E6B1EF8142}
		{7E6838F6-CDC1-4024-929A-35C609F45F72} = {DAA4CF20-3DD4-4DF2-A81E-359BBE55B8FF}
		{5453967C-0357-45EB-A145-20584594621D} = {7E6838F6-CDC1-4024-929A-35C609F45F72}
		{43A5B211-0D90-4418-B786-22B644BE25CD} = {5453967C-0357-45EB-A145-20584594621D}
		{62961D40-5379-4E6F-8668-414F62D2A07D} = {5453967C-0357-45EB-A145-20584594621D}
		{2B6E6642-26D9-49AA-BB42-A7BFFCFD9467} = {7E6838F6-CDC1-4024-929A-35C609F45F72}
		{83D78428-69E7-4BA1-B02E-E5B3BC57F27F} = {2B6E6642-26D9-49AA-BB42-A7BFFCFD9467}
		{3D9A6D89-A11F-4CD7-9D6F-3345199C56EB} = {2B6E6642-26D9-49AA-BB42-A7BFFCFD9467}
		{74BE8F48-9E73-4632-8724-09B2E2C98A59} = {7E6838F6-CDC1-4024-929A-35C609F45F72}
		{20FC32E2-E041-4C4F-B834-D9D521343CAF} = {74BE8F48-9E73-4632-8724-09B2E2C98A59}
		{B8C39DA0-D490-41EB-A14A-7FB71E4D384F} = {74BE8F48-9E73-4632-8724-09B2E2C98A59}
	EndGlobalSection
	GlobalSection(ExtensibilityGlobals) = postSolution
		SolutionGuid = {A70D341A-AC89-4B4C-9AF0-BA7AAF3CFD55}
	EndGlobalSection
EndGlobal
